lockfileVersion: '9.0'

settings:
  autoInstallPeers: true
  excludeLinksFromLockfile: false

importers:

  .:
    devDependencies:
      '@types/node':
        specifier: ^17.0.33
        version: 17.0.45
      '@types/vscode':
        specifier: ^1.57.0
        version: 1.102.0
      typescript:
        specifier: ^5.0.4
        version: 5.8.3

packages:

  '@types/node@17.0.45':
    resolution: {integrity: sha512-w+tIMs3rq2afQdsPJlODhoUEKzFP1ayaoyl1CcnwtIlsVe7K7bA1NGm4s3PraqTLlXnbIN84zuBlxBWo1u9BLw==}

  '@types/vscode@1.102.0':
    resolution: {integrity: sha512-V9sFXmcXz03FtYTSUsYsu5K0Q9wH9w9V25slddcxrh5JgORD14LpnOA7ov0L9ALi+6HrTjskLJ/tY5zeRF3TFA==}

  typescript@5.8.3:
    resolution: {integrity: sha512-p1diW6TqL9L07nNxvRMM7hMMw4c5XOo/1ibL4aAIGmSAt9slTE1Xgw5KWuof2uTOvCg9BY7ZRi+GaF+7sfgPeQ==}
    engines: {node: '>=14.17'}
    hasBin: true

snapshots:

  '@types/node@17.0.45': {}

  '@types/vscode@1.102.0': {}

  typescript@5.8.3: {}
